
Microsoft Visual Studio Solution File, Format Version 12.00
# Visual Studio Version 17
VisualStudioVersion = 17.9.34728.123
MinimumVisualStudioVersion = 10.0.40219.1
Project("{FAE04EC0-301F-11D3-BF4B-00C04F79EFBC}") = "HW_ 6_GuestBook_IRepository", "HW_ 6_GuestBook_IRepository\HW_ 6_GuestBook_IRepository.csproj", "{8184D928-5F4C-4A31-B95C-48FE4E210B9C}"
EndProject
Global
	GlobalSection(SolutionConfigurationPlatforms) = preSolution
		Debug|Any CPU = Debug|Any CPU
		Release|Any CPU = Release|Any CPU
	EndGlobalSection
	GlobalSection(ProjectConfigurationPlatforms) = postSolution
		{8184D928-5F4C-4A31-B95C-48FE4E210B9C}.Debug|Any CPU.ActiveCfg = Debug|Any CPU
		{8184D928-5F4C-4A31-B95C-48FE4E210B9C}.Debug|Any CPU.Build.0 = Debug|Any CPU
		{8184D928-5F4C-4A31-B95C-48FE4E210B9C}.Release|Any CPU.ActiveCfg = Release|Any CPU
		{8184D928-5F4C-4A31-B95C-48FE4E210B9C}.Release|Any CPU.Build.0 = Release|Any CPU
	EndGlobalSection
	GlobalSection(SolutionProperties) = preSolution
		HideSolutionNode = FALSE
	EndGlobalSection
	GlobalSection(ExtensibilityGlobals) = postSolution
		SolutionGuid = {B774F9EB-90A0-40E0-AE9A-017A91247C46}
	EndGlobalSection
EndGlobal
