
Microsoft Visual Studio Solution File, Format Version 12.00
# Visual Studio Version 17
VisualStudioVersion = 17.9.34728.123
MinimumVisualStudioVersion = 10.0.40219.1
Project("{FAE04EC0-301F-11D3-BF4B-00C04F79EFBC}") = "WH_1_weather", "WH_1_weather\WH_1_weather.csproj", "{6DA074EE-9125-40E5-A6DF-E018E2616BD1}"
EndProject
Global
	GlobalSection(SolutionConfigurationPlatforms) = preSolution
		Debug|Any CPU = Debug|Any CPU
		Release|Any CPU = Release|Any CPU
	EndGlobalSection
	GlobalSection(ProjectConfigurationPlatforms) = postSolution
		{6DA074EE-9125-40E5-A6DF-E018E2616BD1}.Debug|Any CPU.ActiveCfg = Debug|Any CPU
		{6DA074EE-9125-40E5-A6DF-E018E2616BD1}.Debug|Any CPU.Build.0 = Debug|Any CPU
		{6DA074EE-9125-40E5-A6DF-E018E2616BD1}.Release|Any CPU.ActiveCfg = Release|Any CPU
		{6DA074EE-9125-40E5-A6DF-E018E2616BD1}.Release|Any CPU.Build.0 = Release|Any CPU
	EndGlobalSection
	GlobalSection(SolutionProperties) = preSolution
		HideSolutionNode = FALSE
	EndGlobalSection
	GlobalSection(ExtensibilityGlobals) = postSolution
		SolutionGuid = {1201895B-2463-4091-BBE5-0F5080F3B7E1}
	EndGlobalSection
EndGlobal
